
Microsoft Visual Studio Solution File, Format Version 12.00
# Visual Studio Version 17
VisualStudioVersion = 17.9.34622.214
MinimumVisualStudioVersion = 10.0.40219.1
Project("{FAE04EC0-301F-11D3-BF4B-00C04F79EFBC}") = "WpfAppLaundry", "WpfAppLaundry\WpfAppLaundry.csproj", "{720FD425-AD5D-4421-8635-4806C195303F}"
EndProject
Global
	GlobalSection(SolutionConfigurationPlatforms) = preSolution
		Debug|Any CPU = Debug|Any CPU
		Release|Any CPU = Release|Any CPU
	EndGlobalSection
	GlobalSection(ProjectConfigurationPlatforms) = postSolution
		{720FD425-AD5D-4421-8635-4806C195303F}.Debug|Any CPU.ActiveCfg = Debug|Any CPU
		{720FD425-AD5D-4421-8635-4806C195303F}.Debug|Any CPU.Build.0 = Debug|Any CPU
		{720FD425-AD5D-4421-8635-4806C195303F}.Release|Any CPU.ActiveCfg = Release|Any CPU
		{720FD425-AD5D-4421-8635-4806C195303F}.Release|Any CPU.Build.0 = Release|Any CPU
	EndGlobalSection
	GlobalSection(SolutionProperties) = preSolution
		HideSolutionNode = FALSE
	EndGlobalSection
	GlobalSection(ExtensibilityGlobals) = postSolution
		SolutionGuid = {3A383413-D5A1-4159-8F3D-39DAF5671056}
	EndGlobalSection
EndGlobal
